
Microsoft Visual Studio Solution File, Format Version 12.00
# Visual Studio 2015
Project("{FAE04EC0-301F-11D3-BF4B-00C04F79EFBC}") = "VR_Vive_Meditation.CSharp.Plugins", "VR_Vive_Meditation.CSharp.Plugins.csproj", "{179A8CA7-AA48-929B-24F8-B0769ECFCCBA}"
EndProject
Project("{FAE04EC0-301F-11D3-BF4B-00C04F79EFBC}") = "VR_Vive_Meditation.CSharp", "VR_Vive_Meditation.CSharp.csproj", "{B14CEAC6-B6B2-978F-23D0-6324266D2E2A}"
EndProject
Project("{FAE04EC0-301F-11D3-BF4B-00C04F79EFBC}") = "VR_Vive_Meditation.CSharp.Editor", "VR_Vive_Meditation.CSharp.Editor.csproj", "{C2A35724-4B86-E1C4-E944-6310A2CFDA7C}"
EndProject
Global
	GlobalSection(SolutionConfigurationPlatforms) = preSolution
		Debug|Any CPU = Debug|Any CPU
		Release|Any CPU = Release|Any CPU
	EndGlobalSection
	GlobalSection(ProjectConfigurationPlatforms) = postSolution
		{179A8CA7-AA48-929B-24F8-B0769ECFCCBA}.Debug|Any CPU.ActiveCfg = Debug|Any CPU
		{179A8CA7-AA48-929B-24F8-B0769ECFCCBA}.Debug|Any CPU.Build.0 = Debug|Any CPU
		{179A8CA7-AA48-929B-24F8-B0769ECFCCBA}.Release|Any CPU.ActiveCfg = Release|Any CPU
		{179A8CA7-AA48-929B-24F8-B0769ECFCCBA}.Release|Any CPU.Build.0 = Release|Any CPU
		{B14CEAC6-B6B2-978F-23D0-6324266D2E2A}.Debug|Any CPU.ActiveCfg = Debug|Any CPU
		{B14CEAC6-B6B2-978F-23D0-6324266D2E2A}.Debug|Any CPU.Build.0 = Debug|Any CPU
		{B14CEAC6-B6B2-978F-23D0-6324266D2E2A}.Release|Any CPU.ActiveCfg = Release|Any CPU
		{B14CEAC6-B6B2-978F-23D0-6324266D2E2A}.Release|Any CPU.Build.0 = Release|Any CPU
		{C2A35724-4B86-E1C4-E944-6310A2CFDA7C}.Debug|Any CPU.ActiveCfg = Debug|Any CPU
		{C2A35724-4B86-E1C4-E944-6310A2CFDA7C}.Debug|Any CPU.Build.0 = Debug|Any CPU
		{C2A35724-4B86-E1C4-E944-6310A2CFDA7C}.Release|Any CPU.ActiveCfg = Release|Any CPU
		{C2A35724-4B86-E1C4-E944-6310A2CFDA7C}.Release|Any CPU.Build.0 = Release|Any CPU
	EndGlobalSection
	GlobalSection(SolutionProperties) = preSolution
		HideSolutionNode = FALSE
	EndGlobalSection
EndGlobal
